
Microsoft Visual Studio Solution File, Format Version 12.00
# Visual Studio Version 16
VisualStudioVersion = 16.0.29926.136
MinimumVisualStudioVersion = 10.0.40219.1
Project("{2150E333-8FDC-42A3-9474-1A3956D46DE8}") = "01_Cafe", "01_Cafe", "{A861D6D8-2D6B-4BCD-B106-6718AD72A834}"
EndProject
Project("{2150E333-8FDC-42A3-9474-1A3956D46DE8}") = "02_Claims", "02_Claims", "{77BB94AE-654A-4340-B137-6D6A2FBDC861}"
EndProject
Project("{FAE04EC0-301F-11D3-BF4B-00C04F79EFBC}") = "ClaimsCA", "02_Claims\ClaimsCA\ClaimsCA.csproj", "{3DCF3479-5DE8-410D-ACC9-8633A12693A3}"
EndProject
Project("{FAE04EC0-301F-11D3-BF4B-00C04F79EFBC}") = "KomodoClaims", "02_Claims\Claims\KomodoClaims.csproj", "{B4CC3D8F-AE44-4CB3-9181-DBEFCEBE6371}"
EndProject
Project("{FAE04EC0-301F-11D3-BF4B-00C04F79EFBC}") = "CafeTests", "CafeTests\CafeTests.csproj", "{CD026768-30AC-4458-A9E3-757BCC89538F}"
EndProject
Project("{FAE04EC0-301F-11D3-BF4B-00C04F79EFBC}") = "CafeLib", "CafeLib\CafeLib.csproj", "{69AF13E6-399E-40FB-9E97-26330E7C983F}"
EndProject
Project("{FAE04EC0-301F-11D3-BF4B-00C04F79EFBC}") = "CafeCA", "CafeCA\CafeCA.csproj", "{31C33715-1A96-4A70-9ADA-425CDC11700E}"
EndProject
Project("{FAE04EC0-301F-11D3-BF4B-00C04F79EFBC}") = "ClaimsTests", "ClaimsTests\ClaimsTests.csproj", "{8E38803F-256A-47BC-BDD6-65F678B24945}"
EndProject
Project("{2150E333-8FDC-42A3-9474-1A3956D46DE8}") = "03_Badges", "03_Badges", "{AAE13176-53D4-4E12-ADF0-037A99C74F12}"
EndProject
Project("{FAE04EC0-301F-11D3-BF4B-00C04F79EFBC}") = "BadgesCA", "BadgesCA\BadgesCA.csproj", "{90341754-A3A0-450E-ABEE-D5F06DA1EE79}"
EndProject
Project("{FAE04EC0-301F-11D3-BF4B-00C04F79EFBC}") = "BadgesLib", "BadgesLib\BadgesLib.csproj", "{4C68C985-FB40-4CD3-A260-5AEEC35C4F3D}"
EndProject
Project("{FAE04EC0-301F-11D3-BF4B-00C04F79EFBC}") = "BadgesTest", "BadgesTest\BadgesTest.csproj", "{E6D8B307-4ACD-41B3-BC29-AE2482FAB068}"
EndProject
Global
	GlobalSection(SolutionConfigurationPlatforms) = preSolution
		Debug|Any CPU = Debug|Any CPU
		Release|Any CPU = Release|Any CPU
	EndGlobalSection
	GlobalSection(ProjectConfigurationPlatforms) = postSolution
		{3DCF3479-5DE8-410D-ACC9-8633A12693A3}.Debug|Any CPU.ActiveCfg = Debug|Any CPU
		{3DCF3479-5DE8-410D-ACC9-8633A12693A3}.Debug|Any CPU.Build.0 = Debug|Any CPU
		{3DCF3479-5DE8-410D-ACC9-8633A12693A3}.Release|Any CPU.ActiveCfg = Release|Any CPU
		{3DCF3479-5DE8-410D-ACC9-8633A12693A3}.Release|Any CPU.Build.0 = Release|Any CPU
		{B4CC3D8F-AE44-4CB3-9181-DBEFCEBE6371}.Debug|Any CPU.ActiveCfg = Debug|Any CPU
		{B4CC3D8F-AE44-4CB3-9181-DBEFCEBE6371}.Debug|Any CPU.Build.0 = Debug|Any CPU
		{B4CC3D8F-AE44-4CB3-9181-DBEFCEBE6371}.Release|Any CPU.ActiveCfg = Release|Any CPU
		{B4CC3D8F-AE44-4CB3-9181-DBEFCEBE6371}.Release|Any CPU.Build.0 = Release|Any CPU
		{CD026768-30AC-4458-A9E3-757BCC89538F}.Debug|Any CPU.ActiveCfg = Debug|Any CPU
		{CD026768-30AC-4458-A9E3-757BCC89538F}.Debug|Any CPU.Build.0 = Debug|Any CPU
		{CD026768-30AC-4458-A9E3-757BCC89538F}.Release|Any CPU.ActiveCfg = Release|Any CPU
		{CD026768-30AC-4458-A9E3-757BCC89538F}.Release|Any CPU.Build.0 = Release|Any CPU
		{69AF13E6-399E-40FB-9E97-26330E7C983F}.Debug|Any CPU.ActiveCfg = Debug|Any CPU
		{69AF13E6-399E-40FB-9E97-26330E7C983F}.Debug|Any CPU.Build.0 = Debug|Any CPU
		{69AF13E6-399E-40FB-9E97-26330E7C983F}.Release|Any CPU.ActiveCfg = Release|Any CPU
		{69AF13E6-399E-40FB-9E97-26330E7C983F}.Release|Any CPU.Build.0 = Release|Any CPU
		{31C33715-1A96-4A70-9ADA-425CDC11700E}.Debug|Any CPU.ActiveCfg = Debug|Any CPU
		{31C33715-1A96-4A70-9ADA-425CDC11700E}.Debug|Any CPU.Build.0 = Debug|Any CPU
		{31C33715-1A96-4A70-9ADA-425CDC11700E}.Release|Any CPU.ActiveCfg = Release|Any CPU
		{31C33715-1A96-4A70-9ADA-425CDC11700E}.Release|Any CPU.Build.0 = Release|Any CPU
		{8E38803F-256A-47BC-BDD6-65F678B24945}.Debug|Any CPU.ActiveCfg = Debug|Any CPU
		{8E38803F-256A-47BC-BDD6-65F678B24945}.Debug|Any CPU.Build.0 = Debug|Any CPU
		{8E38803F-256A-47BC-BDD6-65F678B24945}.Release|Any CPU.ActiveCfg = Release|Any CPU
		{8E38803F-256A-47BC-BDD6-65F678B24945}.Release|Any CPU.Build.0 = Release|Any CPU
		{90341754-A3A0-450E-ABEE-D5F06DA1EE79}.Debug|Any CPU.ActiveCfg = Debug|Any CPU
		{90341754-A3A0-450E-ABEE-D5F06DA1EE79}.Debug|Any CPU.Build.0 = Debug|Any CPU
		{90341754-A3A0-450E-ABEE-D5F06DA1EE79}.Release|Any CPU.ActiveCfg = Release|Any CPU
		{90341754-A3A0-450E-ABEE-D5F06DA1EE79}.Release|Any CPU.Build.0 = Release|Any CPU
		{4C68C985-FB40-4CD3-A260-5AEEC35C4F3D}.Debug|Any CPU.ActiveCfg = Debug|Any CPU
		{4C68C985-FB40-4CD3-A260-5AEEC35C4F3D}.Debug|Any CPU.Build.0 = Debug|Any CPU
		{4C68C985-FB40-4CD3-A260-5AEEC35C4F3D}.Release|Any CPU.ActiveCfg = Release|Any CPU
		{4C68C985-FB40-4CD3-A260-5AEEC35C4F3D}.Release|Any CPU.Build.0 = Release|Any CPU
		{E6D8B307-4ACD-41B3-BC29-AE2482FAB068}.Debug|Any CPU.ActiveCfg = Debug|Any CPU
		{E6D8B307-4ACD-41B3-BC29-AE2482FAB068}.Debug|Any CPU.Build.0 = Debug|Any CPU
		{E6D8B307-4ACD-41B3-BC29-AE2482FAB068}.Release|Any CPU.ActiveCfg = Release|Any CPU
		{E6D8B307-4ACD-41B3-BC29-AE2482FAB068}.Release|Any CPU.Build.0 = Release|Any CPU
	EndGlobalSection
	GlobalSection(SolutionProperties) = preSolution
		HideSolutionNode = FALSE
	EndGlobalSection
	GlobalSection(NestedProjects) = preSolution
		{3DCF3479-5DE8-410D-ACC9-8633A12693A3} = {77BB94AE-654A-4340-B137-6D6A2FBDC861}
		{B4CC3D8F-AE44-4CB3-9181-DBEFCEBE6371} = {77BB94AE-654A-4340-B137-6D6A2FBDC861}
		{CD026768-30AC-4458-A9E3-757BCC89538F} = {A861D6D8-2D6B-4BCD-B106-6718AD72A834}
		{69AF13E6-399E-40FB-9E97-26330E7C983F} = {A861D6D8-2D6B-4BCD-B106-6718AD72A834}
		{31C33715-1A96-4A70-9ADA-425CDC11700E} = {A861D6D8-2D6B-4BCD-B106-6718AD72A834}
		{8E38803F-256A-47BC-BDD6-65F678B24945} = {77BB94AE-654A-4340-B137-6D6A2FBDC861}
		{90341754-A3A0-450E-ABEE-D5F06DA1EE79} = {AAE13176-53D4-4E12-ADF0-037A99C74F12}
		{4C68C985-FB40-4CD3-A260-5AEEC35C4F3D} = {AAE13176-53D4-4E12-ADF0-037A99C74F12}
		{E6D8B307-4ACD-41B3-BC29-AE2482FAB068} = {AAE13176-53D4-4E12-ADF0-037A99C74F12}
	EndGlobalSection
	GlobalSection(ExtensibilityGlobals) = postSolution
		SolutionGuid = {30165B5D-99AA-4D2C-8FAF-50E6DA135902}
	EndGlobalSection
EndGlobal
